<?xml version="1.0" encoding="utf-8"?>
<Project ToolsVersion="4.0" xmlns="http://schemas.microsoft.com/developer/msbuild/2003">
  <ItemGroup>
    <ClCompile Include="src\arquivadores\arquivo3d.cpp">
      <Filter>Source Files</Filter>
    </ClCompile>
    <ClCompile Include="src\componentes\camera\camera.cpp">
      <Filter>Source Files</Filter>
    </ClCompile>
    <ClCompile Include="src\componentes\codigo\codigo.cpp">
      <Filter>Source Files</Filter>
    </ClCompile>
    <ClCompile Include="src\entidades\camera_editor.cpp">
      <Filter>Source Files</Filter>
    </ClCompile>
    <ClCompile Include="src\depuracao\debug.cpp">
      <Filter>Source Files</Filter>
    </ClCompile>
    <ClCompile Include="src\entidades\entidade.cpp">
      <Filter>Source Files</Filter>
    </ClCompile>
    <ClCompile Include="src\arquivadores\imageloader.cpp">
      <Filter>Source Files</Filter>
    </ClCompile>
    <ClCompile Include="src\inputs\inputs.cpp">
      <Filter>Source Files</Filter>
    </ClCompile>
    <ClCompile Include="src\componentes\transformacao\transformacao.cpp">
      <Filter>Source Files</Filter>
    </ClCompile>
    <ClCompile Include="src\componentes\prototipo\terreno.cpp">
      <Filter>Source Files</Filter>
    </ClCompile>
    <ClCompile Include="src\arquivadores\shader.cpp">
      <Filter>Source Files</Filter>
    </ClCompile>
    <ClCompile Include="src\nucleo\scenemanager.cpp">
      <Filter>Source Files</Filter>
    </ClCompile>
    <ClCompile Include="src\componentes\prototipo\perlinnoise.cpp">
      <Filter>Source Files</Filter>
    </ClCompile>
    <ClCompile Include="src\util\skybox.cpp">
      <Filter>Source Files</Filter>
    </ClCompile>
    <ClCompile Include="src\interface\ui.cpp">
      <Filter>Source Files</Filter>
    </ClCompile>
    <ClCompile Include="src\nucleo\engine.cpp">
      <Filter>Source Files</Filter>
    </ClCompile>
    <ClCompile Include="src\componentes\renderizador\renderizador.cpp">
      <Filter>Source Files</Filter>
    </ClCompile>
    <ClCompile Include="src\interface\base\quadrado.cpp">
      <Filter>Source Files</Filter>
    </ClCompile>
    <ClCompile Include="src\interface\layout\layout.cpp">
      <Filter>Source Files</Filter>
    </ClCompile>
    <ClCompile Include="src\interface\imagem\Imagem.cpp">
      <Filter>Source Files</Filter>
    </ClCompile>
    <ClCompile Include="src\util\EngineThread.cpp">
      <Filter>Source Files</Filter>
    </ClCompile>
  </ItemGroup>
  <ItemGroup>
    <ClInclude Include="src\arquivadores\arquivo3d.h">
      <Filter>Header Files</Filter>
    </ClInclude>
    <ClInclude Include="becore.h">
      <Filter>Header Files</Filter>
    </ClInclude>
    <ClInclude Include="src\componentes\camera\camera.h">
      <Filter>Header Files</Filter>
    </ClInclude>
    <ClInclude Include="src\entidades\camera_editor.h">
      <Filter>Header Files</Filter>
    </ClInclude>
    <ClInclude Include="src\componentes\codigo\codigo.h">
      <Filter>Header Files</Filter>
    </ClInclude>
    <ClInclude Include="src\comum\componente.h">
      <Filter>Header Files</Filter>
    </ClInclude>
    <ClInclude Include="src\arquivadores\imageloader.h">
      <Filter>Header Files</Filter>
    </ClInclude>
    <ClInclude Include="src\entidades\entidade.h">
      <Filter>Header Files</Filter>
    </ClInclude>
    <ClInclude Include="src\inputs\inputs.h">
      <Filter>Header Files</Filter>
    </ClInclude>
    <ClInclude Include="src\nucleo\scenemanager.h">
      <Filter>Header Files</Filter>
    </ClInclude>
    <ClInclude Include="src\componentes\prototipo\terreno.h">
      <Filter>Header Files</Filter>
    </ClInclude>
    <ClInclude Include="src\arquivadores\shader.h">
      <Filter>Header Files</Filter>
    </ClInclude>
    <ClInclude Include="src\componentes\transformacao\transformacao.h">
      <Filter>Header Files</Filter>
    </ClInclude>
    <ClInclude Include="src\componentes\prototipo\perlinnoise.h">
      <Filter>Header Files</Filter>
    </ClInclude>
    <ClInclude Include="src\util\skybox.h">
      <Filter>Header Files</Filter>
    </ClInclude>
    <ClInclude Include="src\interface\ui.hpp">
      <Filter>Header Files</Filter>
    </ClInclude>
    <ClInclude Include="src\nucleo\engine.hpp">
      <Filter>Header Files</Filter>
    </ClInclude>
    <ClInclude Include="src\componentes\renderizador\renderizador.hpp">
      <Filter>Header Files</Filter>
    </ClInclude>
    <ClInclude Include="src\util\includes.h">
      <Filter>Header Files</Filter>
    </ClInclude>
    <ClInclude Include="src\interface\base\quadrado.hpp">
      <Filter>Header Files</Filter>
    </ClInclude>
    <ClInclude Include="src\interface\layout\layout.hpp">
      <Filter>Header Files</Filter>
    </ClInclude>
    <ClInclude Include="src\interface\imagem\Imagem.h">
      <Filter>Header Files</Filter>
    </ClInclude>
    <ClInclude Include="src\depuracao\assert.hpp">
      <Filter>Header Files</Filter>
    </ClInclude>
    <ClInclude Include="src\util\EngineThread.h">
      <Filter>Header Files</Filter>
    </ClInclude>
  </ItemGroup>
  <ItemGroup>
    <None Include="assets\shaders\phong.vert">
      <Filter>Resource Files</Filter>
    </None>
    <None Include="assets\shaders\phong.frag">
      <Filter>Resource Files</Filter>
    </None>
  </ItemGroup>
  <ItemGroup>
    <Filter Include="Source Files">
      <UniqueIdentifier>{e1349f0b-f12f-4413-857c-a24471eb9ad4}</UniqueIdentifier>
      <Extensions>cpp;c;cc;cxx;c++;cppm;ixx;def;odl;idl;hpj;bat;asm;asmx</Extensions>
    </Filter>
    <Filter Include="Header Files">
      <UniqueIdentifier>{d2e14080-a158-44da-99ee-524192e2fa28}</UniqueIdentifier>
      <Extensions>h;hh;hpp;hxx;h++;hm;inl;inc;ipp;xsd</Extensions>
    </Filter>
    <Filter Include="Resource Files">
      <UniqueIdentifier>{4bca4154-fd91-4f07-89d3-495e5546b554}</UniqueIdentifier>
    </Filter>
  </ItemGroup>
  <ItemGroup>
    <Text Include="src\depuracao\debug.h">
      <Filter>Header Files</Filter>
    </Text>
  </ItemGroup>
  <ItemGroup>
    <Image Include="ICON.ico">
      <Filter>Resource Files</Filter>
    </Image>
  </ItemGroup>
</Project>